
Microsoft Visual Studio Solution File, Format Version 12.00
# Visual Studio Version 17
VisualStudioVersion = 17.4.33110.190
MinimumVisualStudioVersion = 10.0.40219.1
Project("{FAE04EC0-301F-11D3-BF4B-00C04F79EFBC}") = "MvcMovie", "MvcMovie.csproj", "{B652122F-40F6-4DAB-B940-D10762CC7029}"
EndProject
Global
	GlobalSection(SolutionConfigurationPlatforms) = preSolution
		Debug|Any CPU = Debug|Any CPU
		Release|Any CPU = Release|Any CPU
	EndGlobalSection
	GlobalSection(ProjectConfigurationPlatforms) = postSolution
		{B652122F-40F6-4DAB-B940-D10762CC7029}.Debug|Any CPU.ActiveCfg = Debug|Any CPU
		{B652122F-40F6-4DAB-B940-D10762CC7029}.Debug|Any CPU.Build.0 = Debug|Any CPU
		{B652122F-40F6-4DAB-B940-D10762CC7029}.Release|Any CPU.ActiveCfg = Release|Any CPU
		{B652122F-40F6-4DAB-B940-D10762CC7029}.Release|Any CPU.Build.0 = Release|Any CPU
	EndGlobalSection
	GlobalSection(SolutionProperties) = preSolution
		HideSolutionNode = FALSE
	EndGlobalSection
	GlobalSection(ExtensibilityGlobals) = postSolution
		SolutionGuid = {79C58732-2B22-4F6F-B9AA-738F3D6D2DA4}
	EndGlobalSection
EndGlobal
